
Microsoft Visual Studio Solution File, Format Version 12.00
# Visual Studio Version 17
VisualStudioVersion = 17.10.35122.118
MinimumVisualStudioVersion = 10.0.40219.1
Project("{FAE04EC0-301F-11D3-BF4B-00C04F79EFBC}") = "ConnectorWi-Fi - Comand Line Interface", "ConnectorWi-Fi - Comand Line Interface.csproj", "{10A7BDB5-6E80-40EC-8C3B-E0A9E9DF2F14}"
EndProject
Global
	GlobalSection(SolutionConfigurationPlatforms) = preSolution
		Debug|Any CPU = Debug|Any CPU
		Release|Any CPU = Release|Any CPU
	EndGlobalSection
	GlobalSection(ProjectConfigurationPlatforms) = postSolution
		{10A7BDB5-6E80-40EC-8C3B-E0A9E9DF2F14}.Debug|Any CPU.ActiveCfg = Debug|Any CPU
		{10A7BDB5-6E80-40EC-8C3B-E0A9E9DF2F14}.Debug|Any CPU.Build.0 = Debug|Any CPU
		{10A7BDB5-6E80-40EC-8C3B-E0A9E9DF2F14}.Release|Any CPU.ActiveCfg = Release|Any CPU
		{10A7BDB5-6E80-40EC-8C3B-E0A9E9DF2F14}.Release|Any CPU.Build.0 = Release|Any CPU
	EndGlobalSection
	GlobalSection(SolutionProperties) = preSolution
		HideSolutionNode = FALSE
	EndGlobalSection
	GlobalSection(ExtensibilityGlobals) = postSolution
		SolutionGuid = {FDDCC584-559D-4557-80E6-192FF954B923}
	EndGlobalSection
EndGlobal
